
Microsoft Visual Studio Solution File, Format Version 12.00
# Visual Studio Version 16
VisualStudioVersion = 16.0.31005.135
MinimumVisualStudioVersion = 10.0.40219.1
Project("{FAE04EC0-301F-11D3-BF4B-00C04F79EFBC}") = "HandsOnRazor", "HandsOnRazor\HandsOnRazor.csproj", "{88689BDE-52F3-4EB0-AC00-F8283B2579D1}"
EndProject
Global
	GlobalSection(SolutionConfigurationPlatforms) = preSolution
		Debug|Any CPU = Debug|Any CPU
		Release|Any CPU = Release|Any CPU
	EndGlobalSection
	GlobalSection(ProjectConfigurationPlatforms) = postSolution
		{88689BDE-52F3-4EB0-AC00-F8283B2579D1}.Debug|Any CPU.ActiveCfg = Debug|Any CPU
		{88689BDE-52F3-4EB0-AC00-F8283B2579D1}.Debug|Any CPU.Build.0 = Debug|Any CPU
		{88689BDE-52F3-4EB0-AC00-F8283B2579D1}.Release|Any CPU.ActiveCfg = Release|Any CPU
		{88689BDE-52F3-4EB0-AC00-F8283B2579D1}.Release|Any CPU.Build.0 = Release|Any CPU
	EndGlobalSection
	GlobalSection(SolutionProperties) = preSolution
		HideSolutionNode = FALSE
	EndGlobalSection
	GlobalSection(ExtensibilityGlobals) = postSolution
		SolutionGuid = {F7064FB0-8124-4DD5-9E6C-BF1C87DB0771}
	EndGlobalSection
EndGlobal
