
Microsoft Visual Studio Solution File, Format Version 12.00
# Visual Studio Version 16
VisualStudioVersion = 16.0.31005.135
MinimumVisualStudioVersion = 10.0.40219.1
Project("{FAE04EC0-301F-11D3-BF4B-00C04F79EFBC}") = "MyfoodSupply", "MyfoodSupply\MyfoodSupply.csproj", "{A1E6700C-A31F-44A1-8936-E944EB997992}"
EndProject
Project("{FAE04EC0-301F-11D3-BF4B-00C04F79EFBC}") = "FoodSupply.UnitTest", "FoodSupply.UnitTest\FoodSupply.UnitTest.csproj", "{0397957F-C44A-4A15-B825-360F260DA4EA}"
EndProject
Global
	GlobalSection(SolutionConfigurationPlatforms) = preSolution
		Debug|Any CPU = Debug|Any CPU
		Release|Any CPU = Release|Any CPU
	EndGlobalSection
	GlobalSection(ProjectConfigurationPlatforms) = postSolution
		{A1E6700C-A31F-44A1-8936-E944EB997992}.Debug|Any CPU.ActiveCfg = Debug|Any CPU
		{A1E6700C-A31F-44A1-8936-E944EB997992}.Debug|Any CPU.Build.0 = Debug|Any CPU
		{A1E6700C-A31F-44A1-8936-E944EB997992}.Release|Any CPU.ActiveCfg = Release|Any CPU
		{A1E6700C-A31F-44A1-8936-E944EB997992}.Release|Any CPU.Build.0 = Release|Any CPU
		{0397957F-C44A-4A15-B825-360F260DA4EA}.Debug|Any CPU.ActiveCfg = Debug|Any CPU
		{0397957F-C44A-4A15-B825-360F260DA4EA}.Debug|Any CPU.Build.0 = Debug|Any CPU
		{0397957F-C44A-4A15-B825-360F260DA4EA}.Release|Any CPU.ActiveCfg = Release|Any CPU
		{0397957F-C44A-4A15-B825-360F260DA4EA}.Release|Any CPU.Build.0 = Release|Any CPU
	EndGlobalSection
	GlobalSection(SolutionProperties) = preSolution
		HideSolutionNode = FALSE
	EndGlobalSection
	GlobalSection(ExtensibilityGlobals) = postSolution
		SolutionGuid = {E13665FF-4586-4E9E-9359-A43B0D987F0B}
	EndGlobalSection
EndGlobal
